
Microsoft Visual Studio Solution File, Format Version 12.00
# Visual Studio Version 16
VisualStudioVersion = 16.0.30011.22
MinimumVisualStudioVersion = 10.0.40219.1
Project("{FAE04EC0-301F-11D3-BF4B-00C04F79EFBC}") = "SodaDungeon2Tool", "SodaDungeon2Tool\SodaDungeon2Tool.csproj", "{C67F098A-895E-4478-96D7-CC11F6946CDD}"
EndProject
Global
	GlobalSection(SolutionConfigurationPlatforms) = preSolution
		Debug|Any CPU = Debug|Any CPU
		Release|Any CPU = Release|Any CPU
	EndGlobalSection
	GlobalSection(ProjectConfigurationPlatforms) = postSolution
		{C67F098A-895E-4478-96D7-CC11F6946CDD}.Debug|Any CPU.ActiveCfg = Debug|Any CPU
		{C67F098A-895E-4478-96D7-CC11F6946CDD}.Debug|Any CPU.Build.0 = Debug|Any CPU
		{C67F098A-895E-4478-96D7-CC11F6946CDD}.Release|Any CPU.ActiveCfg = Release|Any CPU
		{C67F098A-895E-4478-96D7-CC11F6946CDD}.Release|Any CPU.Build.0 = Release|Any CPU
	EndGlobalSection
	GlobalSection(SolutionProperties) = preSolution
		HideSolutionNode = FALSE
	EndGlobalSection
	GlobalSection(ExtensibilityGlobals) = postSolution
		SolutionGuid = {B6E1F3A1-C4F0-4D1C-94B1-A131F50F9B15}
	EndGlobalSection
EndGlobal
